// !$*UTF8*$!
{
	archiveVersion = 1;
	classes = {
	};
	objectVersion = 55;
	objects = {

/* Begin PBXBuildFile section */
		D51CFA7B2994F3F800D3B319 /* SecondaryButton.swift in Sources */ = {isa = PBXBuildFile; fileRef = D51CFA7A2994F3F800D3B319 /* SecondaryButton.swift */; };
		D51CFA7D299505E600D3B319 /* OverviewNavBar.swift in Sources */ = {isa = PBXBuildFile; fileRef = D51CFA7C299505E600D3B319 /* OverviewNavBar.swift */; };
		D51CFA7F2995062300D3B319 /* BaseView.swift in Sources */ = {isa = PBXBuildFile; fileRef = D51CFA7E2995062300D3B319 /* BaseView.swift */; };
		D56FB37E2994ECCE00488AFF /* AppDelegate.swift in Sources */ = {isa = PBXBuildFile; fileRef = D56FB37D2994ECCE00488AFF /* AppDelegate.swift */; };
		D56FB3802994ECCE00488AFF /* SceneDelegate.swift in Sources */ = {isa = PBXBuildFile; fileRef = D56FB37F2994ECCE00488AFF /* SceneDelegate.swift */; };
		D56FB3872994ECCF00488AFF /* Assets.xcassets in Resources */ = {isa = PBXBuildFile; fileRef = D56FB3862994ECCF00488AFF /* Assets.xcassets */; };
		D56FB38A2994ECCF00488AFF /* LaunchScreen.storyboard in Resources */ = {isa = PBXBuildFile; fileRef = D56FB3882994ECCF00488AFF /* LaunchScreen.storyboard */; };
		D56FB3982994EECC00488AFF /* UIColor + ext .swift in Sources */ = {isa = PBXBuildFile; fileRef = D56FB3952994EECC00488AFF /* UIColor + ext .swift */; };
		D56FB3992994EECC00488AFF /* UIView + ext.swift in Sources */ = {isa = PBXBuildFile; fileRef = D56FB3962994EECC00488AFF /* UIView + ext.swift */; };
		D56FB39A2994EECC00488AFF /* Resources.swift in Sources */ = {isa = PBXBuildFile; fileRef = D56FB3972994EECC00488AFF /* Resources.swift */; };
		D56FB3A82994EEE500488AFF /* SettingsController.swift in Sources */ = {isa = PBXBuildFile; fileRef = D56FB39D2994EEE500488AFF /* SettingsController.swift */; };
		D56FB3A92994EEE500488AFF /* ProgressController.swift in Sources */ = {isa = PBXBuildFile; fileRef = D56FB39F2994EEE500488AFF /* ProgressController.swift */; };
		D56FB3AA2994EEE500488AFF /* OverViewController.swift in Sources */ = {isa = PBXBuildFile; fileRef = D56FB3A12994EEE500488AFF /* OverViewController.swift */; };
		D56FB3AB2994EEE500488AFF /* BaseController.swift in Sources */ = {isa = PBXBuildFile; fileRef = D56FB3A32994EEE500488AFF /* BaseController.swift */; };
		D56FB3AC2994EEE500488AFF /* NavBarController.swift in Sources */ = {isa = PBXBuildFile; fileRef = D56FB3A42994EEE500488AFF /* NavBarController.swift */; };
		D56FB3AD2994EEE500488AFF /* TabBarController.swift in Sources */ = {isa = PBXBuildFile; fileRef = D56FB3A52994EEE500488AFF /* TabBarController.swift */; };
		D56FB3AE2994EEE500488AFF /* SessionController.swift in Sources */ = {isa = PBXBuildFile; fileRef = D56FB3A72994EEE500488AFF /* SessionController.swift */; };
/* End PBXBuildFile section */

/* Begin PBXFileReference section */
		D51CFA7A2994F3F800D3B319 /* SecondaryButton.swift */ = {isa = PBXFileReference; lastKnownFileType = sourcecode.swift; path = SecondaryButton.swift; sourceTree = "<group>"; };
		D51CFA7C299505E600D3B319 /* OverviewNavBar.swift */ = {isa = PBXFileReference; lastKnownFileType = sourcecode.swift; path = OverviewNavBar.swift; sourceTree = "<group>"; };
		D51CFA7E2995062300D3B319 /* BaseView.swift */ = {isa = PBXFileReference; lastKnownFileType = sourcecode.swift; path = BaseView.swift; sourceTree = "<group>"; };
		D56FB37A2994ECCE00488AFF /* WorkoutPremium.app */ = {isa = PBXFileReference; explicitFileType = wrapper.application; includeInIndex = 0; path = WorkoutPremium.app; sourceTree = BUILT_PRODUCTS_DIR; };
		D56FB37D2994ECCE00488AFF /* AppDelegate.swift */ = {isa = PBXFileReference; lastKnownFileType = sourcecode.swift; path = AppDelegate.swift; sourceTree = "<group>"; };
		D56FB37F2994ECCE00488AFF /* SceneDelegate.swift */ = {isa = PBXFileReference; lastKnownFileType = sourcecode.swift; path = SceneDelegate.swift; sourceTree = "<group>"; };
		D56FB3862994ECCF00488AFF /* Assets.xcassets */ = {isa = PBXFileReference; lastKnownFileType = folder.assetcatalog; path = Assets.xcassets; sourceTree = "<group>"; };
		D56FB3892994ECCF00488AFF /* Base */ = {isa = PBXFileReference; lastKnownFileType = file.storyboard; name = Base; path = Base.lproj/LaunchScreen.storyboard; sourceTree = "<group>"; };
		D56FB38B2994ECCF00488AFF /* Info.plist */ = {isa = PBXFileReference; lastKnownFileType = text.plist.xml; path = Info.plist; sourceTree = "<group>"; };
		D56FB3952994EECC00488AFF /* UIColor + ext .swift */ = {isa = PBXFileReference; fileEncoding = 4; lastKnownFileType = sourcecode.swift; path = "UIColor + ext .swift"; sourceTree = "<group>"; };
		D56FB3962994EECC00488AFF /* UIView + ext.swift */ = {isa = PBXFileReference; fileEncoding = 4; lastKnownFileType = sourcecode.swift; path = "UIView + ext.swift"; sourceTree = "<group>"; };
		D56FB3972994EECC00488AFF /* Resources.swift */ = {isa = PBXFileReference; fileEncoding = 4; lastKnownFileType = sourcecode.swift; path = Resources.swift; sourceTree = "<group>"; };
		D56FB39D2994EEE500488AFF /* SettingsController.swift */ = {isa = PBXFileReference; fileEncoding = 4; lastKnownFileType = sourcecode.swift; path = SettingsController.swift; sourceTree = "<group>"; };
		D56FB39F2994EEE500488AFF /* ProgressController.swift */ = {isa = PBXFileReference; fileEncoding = 4; lastKnownFileType = sourcecode.swift; path = ProgressController.swift; sourceTree = "<group>"; };
		D56FB3A12994EEE500488AFF /* OverViewController.swift */ = {isa = PBXFileReference; fileEncoding = 4; lastKnownFileType = sourcecode.swift; path = OverViewController.swift; sourceTree = "<group>"; };
		D56FB3A32994EEE500488AFF /* BaseController.swift */ = {isa = PBXFileReference; fileEncoding = 4; lastKnownFileType = sourcecode.swift; path = BaseController.swift; sourceTree = "<group>"; };
		D56FB3A42994EEE500488AFF /* NavBarController.swift */ = {isa = PBXFileReference; fileEncoding = 4; lastKnownFileType = sourcecode.swift; path = NavBarController.swift; sourceTree = "<group>"; };
		D56FB3A52994EEE500488AFF /* TabBarController.swift */ = {isa = PBXFileReference; fileEncoding = 4; lastKnownFileType = sourcecode.swift; path = TabBarController.swift; sourceTree = "<group>"; };
		D56FB3A72994EEE500488AFF /* SessionController.swift */ = {isa = PBXFileReference; fileEncoding = 4; lastKnownFileType = sourcecode.swift; path = SessionController.swift; sourceTree = "<group>"; };
/* End PBXFileReference section */

/* Begin PBXFrameworksBuildPhase section */
		D56FB3772994ECCE00488AFF /* Frameworks */ = {
			isa = PBXFrameworksBuildPhase;
			buildActionMask = 2147483647;
			files = (
			);
			runOnlyForDeploymentPostprocessing = 0;
		};
/* End PBXFrameworksBuildPhase section */

/* Begin PBXGroup section */
		D51CFA792994F3DD00D3B319 /* Views */ = {
			isa = PBXGroup;
			children = (
				D51CFA7A2994F3F800D3B319 /* SecondaryButton.swift */,
				D51CFA7C299505E600D3B319 /* OverviewNavBar.swift */,
			);
			path = Views;
			sourceTree = "<group>";
		};
		D56FB3712994ECCE00488AFF = {
			isa = PBXGroup;
			children = (
				D56FB37C2994ECCE00488AFF /* WorkoutPremium */,
				D56FB37B2994ECCE00488AFF /* Products */,
			);
			sourceTree = "<group>";
		};
		D56FB37B2994ECCE00488AFF /* Products */ = {
			isa = PBXGroup;
			children = (
				D56FB37A2994ECCE00488AFF /* WorkoutPremium.app */,
			);
			name = Products;
			sourceTree = "<group>";
		};
		D56FB37C2994ECCE00488AFF /* WorkoutPremium */ = {
			isa = PBXGroup;
			children = (
				D56FB3932994EECC00488AFF /* Helpers */,
				D56FB3912994ED5700488AFF /* Application */,
				D56FB39B2994EEE500488AFF /* Controllers */,
				D56FB3922994EDA900488AFF /* SupportingFiles */,
			);
			path = WorkoutPremium;
			sourceTree = "<group>";
		};
		D56FB3912994ED5700488AFF /* Application */ = {
			isa = PBXGroup;
			children = (
				D56FB37D2994ECCE00488AFF /* AppDelegate.swift */,
				D56FB37F2994ECCE00488AFF /* SceneDelegate.swift */,
			);
			path = Application;
			sourceTree = "<group>";
		};
		D56FB3922994EDA900488AFF /* SupportingFiles */ = {
			isa = PBXGroup;
			children = (
				D56FB3862994ECCF00488AFF /* Assets.xcassets */,
				D56FB3882994ECCF00488AFF /* LaunchScreen.storyboard */,
				D56FB38B2994ECCF00488AFF /* Info.plist */,
			);
			path = SupportingFiles;
			sourceTree = "<group>";
		};
		D56FB3932994EECC00488AFF /* Helpers */ = {
			isa = PBXGroup;
			children = (
				D56FB3942994EECC00488AFF /* Extensions */,
				D56FB3972994EECC00488AFF /* Resources.swift */,
			);
			path = Helpers;
			sourceTree = "<group>";
		};
		D56FB3942994EECC00488AFF /* Extensions */ = {
			isa = PBXGroup;
			children = (
				D56FB3952994EECC00488AFF /* UIColor + ext .swift */,
				D56FB3962994EECC00488AFF /* UIView + ext.swift */,
			);
			path = Extensions;
			sourceTree = "<group>";
		};
		D56FB39B2994EEE500488AFF /* Controllers */ = {
			isa = PBXGroup;
			children = (
				D56FB39C2994EEE500488AFF /* Settings */,
				D56FB39E2994EEE500488AFF /* Progress */,
				D56FB3A02994EEE500488AFF /* Overview */,
				D56FB3A22994EEE500488AFF /* Base */,
				D56FB3A62994EEE500488AFF /* Session */,
			);
			path = Controllers;
			sourceTree = "<group>";
		};
		D56FB39C2994EEE500488AFF /* Settings */ = {
			isa = PBXGroup;
			children = (
				D56FB39D2994EEE500488AFF /* SettingsController.swift */,
			);
			path = Settings;
			sourceTree = "<group>";
		};
		D56FB39E2994EEE500488AFF /* Progress */ = {
			isa = PBXGroup;
			children = (
				D56FB39F2994EEE500488AFF /* ProgressController.swift */,
			);
			path = Progress;
			sourceTree = "<group>";
		};
		D56FB3A02994EEE500488AFF /* Overview */ = {
			isa = PBXGroup;
			children = (
				D51CFA792994F3DD00D3B319 /* Views */,
				D56FB3A12994EEE500488AFF /* OverViewController.swift */,
			);
			path = Overview;
			sourceTree = "<group>";
		};
		D56FB3A22994EEE500488AFF /* Base */ = {
			isa = PBXGroup;
			children = (
				D56FB3A32994EEE500488AFF /* BaseController.swift */,
				D56FB3A42994EEE500488AFF /* NavBarController.swift */,
				D56FB3A52994EEE500488AFF /* TabBarController.swift */,
				D51CFA7E2995062300D3B319 /* BaseView.swift */,
			);
			path = Base;
			sourceTree = "<group>";
		};
		D56FB3A62994EEE500488AFF /* Session */ = {
			isa = PBXGroup;
			children = (
				D56FB3A72994EEE500488AFF /* SessionController.swift */,
			);
			path = Session;
			sourceTree = "<group>";
		};
/* End PBXGroup section */

/* Begin PBXNativeTarget section */
		D56FB3792994ECCE00488AFF /* WorkoutPremium */ = {
			isa = PBXNativeTarget;
			buildConfigurationList = D56FB38E2994ECCF00488AFF /* Build configuration list for PBXNativeTarget "WorkoutPremium" */;
			buildPhases = (
				D56FB3762994ECCE00488AFF /* Sources */,
				D56FB3772994ECCE00488AFF /* Frameworks */,
				D56FB3782994ECCE00488AFF /* Resources */,
			);
			buildRules = (
			);
			dependencies = (
			);
			name = WorkoutPremium;
			productName = WorkoutPremium;
			productReference = D56FB37A2994ECCE00488AFF /* WorkoutPremium.app */;
			productType = "com.apple.product-type.application";
		};
/* End PBXNativeTarget section */

/* Begin PBXProject section */
		D56FB3722994ECCE00488AFF /* Project object */ = {
			isa = PBXProject;
			attributes = {
				BuildIndependentTargetsInParallel = 1;
				LastSwiftUpdateCheck = 1320;
				LastUpgradeCheck = 1320;
				TargetAttributes = {
					D56FB3792994ECCE00488AFF = {
						CreatedOnToolsVersion = 13.2.1;
					};
				};
			};
			buildConfigurationList = D56FB3752994ECCE00488AFF /* Build configuration list for PBXProject "WorkoutPremium" */;
			compatibilityVersion = "Xcode 13.0";
			developmentRegion = en;
			hasScannedForEncodings = 0;
			knownRegions = (
				en,
				Base,
			);
			mainGroup = D56FB3712994ECCE00488AFF;
			productRefGroup = D56FB37B2994ECCE00488AFF /* Products */;
			projectDirPath = "";
			projectRoot = "";
			targets = (
				D56FB3792994ECCE00488AFF /* WorkoutPremium */,
			);
		};
/* End PBXProject section */

/* Begin PBXResourcesBuildPhase section */
		D56FB3782994ECCE00488AFF /* Resources */ = {
			isa = PBXResourcesBuildPhase;
			buildActionMask = 2147483647;
			files = (
				D56FB38A2994ECCF00488AFF /* LaunchScreen.storyboard in Resources */,
				D56FB3872994ECCF00488AFF /* Assets.xcassets in Resources */,
			);
			runOnlyForDeploymentPostprocessing = 0;
		};
/* End PBXResourcesBuildPhase section */

/* Begin PBXSourcesBuildPhase section */
		D56FB3762994ECCE00488AFF /* Sources */ = {
			isa = PBXSourcesBuildPhase;
			buildActionMask = 2147483647;
			files = (
				D56FB3A82994EEE500488AFF /* SettingsController.swift in Sources */,
				D56FB3AB2994EEE500488AFF /* BaseController.swift in Sources */,
				D51CFA7D299505E600D3B319 /* OverviewNavBar.swift in Sources */,
				D56FB3AD2994EEE500488AFF /* TabBarController.swift in Sources */,
				D56FB37E2994ECCE00488AFF /* AppDelegate.swift in Sources */,
				D56FB3AC2994EEE500488AFF /* NavBarController.swift in Sources */,
				D56FB3982994EECC00488AFF /* UIColor + ext .swift in Sources */,
				D51CFA7B2994F3F800D3B319 /* SecondaryButton.swift in Sources */,
				D56FB3992994EECC00488AFF /* UIView + ext.swift in Sources */,
				D56FB3A92994EEE500488AFF /* ProgressController.swift in Sources */,
				D56FB39A2994EECC00488AFF /* Resources.swift in Sources */,
				D56FB3AA2994EEE500488AFF /* OverViewController.swift in Sources */,
				D51CFA7F2995062300D3B319 /* BaseView.swift in Sources */,
				D56FB3AE2994EEE500488AFF /* SessionController.swift in Sources */,
				D56FB3802994ECCE00488AFF /* SceneDelegate.swift in Sources */,
			);
			runOnlyForDeploymentPostprocessing = 0;
		};
/* End PBXSourcesBuildPhase section */

/* Begin PBXVariantGroup section */
		D56FB3882994ECCF00488AFF /* LaunchScreen.storyboard */ = {
			isa = PBXVariantGroup;
			children = (
				D56FB3892994ECCF00488AFF /* Base */,
			);
			name = LaunchScreen.storyboard;
			sourceTree = "<group>";
		};
/* End PBXVariantGroup section */

/* Begin XCBuildConfiguration section */
		D56FB38C2994ECCF00488AFF /* Debug */ = {
			isa = XCBuildConfiguration;
			buildSettings = {
				ALWAYS_SEARCH_USER_PATHS = NO;
				CLANG_ANALYZER_NONNULL = YES;
				CLANG_ANALYZER_NUMBER_OBJECT_CONVERSION = YES_AGGRESSIVE;
				CLANG_CXX_LANGUAGE_STANDARD = "gnu++17";
				CLANG_CXX_LIBRARY = "libc++";
				CLANG_ENABLE_MODULES = YES;
				CLANG_ENABLE_OBJC_ARC = YES;
				CLANG_ENABLE_OBJC_WEAK = YES;
				CLANG_WARN_BLOCK_CAPTURE_AUTORELEASING = YES;
				CLANG_WARN_BOOL_CONVERSION = YES;
				CLANG_WARN_COMMA = YES;
				CLANG_WARN_CONSTANT_CONVERSION = YES;
				CLANG_WARN_DEPRECATED_OBJC_IMPLEMENTATIONS = YES;
				CLANG_WARN_DIRECT_OBJC_ISA_USAGE = YES_ERROR;
				CLANG_WARN_DOCUMENTATION_COMMENTS = YES;
				CLANG_WARN_EMPTY_BODY = YES;
				CLANG_WARN_ENUM_CONVERSION = YES;
				CLANG_WARN_INFINITE_RECURSION = YES;
				CLANG_WARN_INT_CONVERSION = YES;
				CLANG_WARN_NON_LITERAL_NULL_CONVERSION = YES;
				CLANG_WARN_OBJC_IMPLICIT_RETAIN_SELF = YES;
				CLANG_WARN_OBJC_LITERAL_CONVERSION = YES;
				CLANG_WARN_OBJC_ROOT_CLASS = YES_ERROR;
				CLANG_WARN_QUOTED_INCLUDE_IN_FRAMEWORK_HEADER = YES;
				CLANG_WARN_RANGE_LOOP_ANALYSIS = YES;
				CLANG_WARN_STRICT_PROTOTYPES = YES;
				CLANG_WARN_SUSPICIOUS_MOVE = YES;
				CLANG_WARN_UNGUARDED_AVAILABILITY = YES_AGGRESSIVE;
				CLANG_WARN_UNREACHABLE_CODE = YES;
				CLANG_WARN__DUPLICATE_METHOD_MATCH = YES;
				COPY_PHASE_STRIP = NO;
				DEBUG_INFORMATION_FORMAT = dwarf;
				ENABLE_STRICT_OBJC_MSGSEND = YES;
				ENABLE_TESTABILITY = YES;
				GCC_C_LANGUAGE_STANDARD = gnu11;
				GCC_DYNAMIC_NO_PIC = NO;
				GCC_NO_COMMON_BLOCKS = YES;
				GCC_OPTIMIZATION_LEVEL = 0;
				GCC_PREPROCESSOR_DEFINITIONS = (
					"DEBUG=1",
					"$(inherited)",
				);
				GCC_WARN_64_TO_32_BIT_CONVERSION = YES;
				GCC_WARN_ABOUT_RETURN_TYPE = YES_ERROR;
				GCC_WARN_UNDECLARED_SELECTOR = YES;
				GCC_WARN_UNINITIALIZED_AUTOS = YES_AGGRESSIVE;
				GCC_WARN_UNUSED_FUNCTION = YES;
				GCC_WARN_UNUSED_VARIABLE = YES;
				IPHONEOS_DEPLOYMENT_TARGET = 15.2;
				MTL_ENABLE_DEBUG_INFO = INCLUDE_SOURCE;
				MTL_FAST_MATH = YES;
				ONLY_ACTIVE_ARCH = YES;
				SDKROOT = iphoneos;
				SWIFT_ACTIVE_COMPILATION_CONDITIONS = DEBUG;
				SWIFT_OPTIMIZATION_LEVEL = "-Onone";
			};
			name = Debug;
		};
		D56FB38D2994ECCF00488AFF /* Release */ = {
			isa = XCBuildConfiguration;
			buildSettings = {
				ALWAYS_SEARCH_USER_PATHS = NO;
				CLANG_ANALYZER_NONNULL = YES;
				CLANG_ANALYZER_NUMBER_OBJECT_CONVERSION = YES_AGGRESSIVE;
				CLANG_CXX_LANGUAGE_STANDARD = "gnu++17";
				CLANG_CXX_LIBRARY = "libc++";
				CLANG_ENABLE_MODULES = YES;
				CLANG_ENABLE_OBJC_ARC = YES;
				CLANG_ENABLE_OBJC_WEAK = YES;
				CLANG_WARN_BLOCK_CAPTURE_AUTORELEASING = YES;
				CLANG_WARN_BOOL_CONVERSION = YES;
				CLANG_WARN_COMMA = YES;
				CLANG_WARN_CONSTANT_CONVERSION = YES;
				CLANG_WARN_DEPRECATED_OBJC_IMPLEMENTATIONS = YES;
				CLANG_WARN_DIRECT_OBJC_ISA_USAGE = YES_ERROR;
				CLANG_WARN_DOCUMENTATION_COMMENTS = YES;
				CLANG_WARN_EMPTY_BODY = YES;
				CLANG_WARN_ENUM_CONVERSION = YES;
				CLANG_WARN_INFINITE_RECURSION = YES;
				CLANG_WARN_INT_CONVERSION = YES;
				CLANG_WARN_NON_LITERAL_NULL_CONVERSION = YES;
				CLANG_WARN_OBJC_IMPLICIT_RETAIN_SELF = YES;
				CLANG_WARN_OBJC_LITERAL_CONVERSION = YES;
				CLANG_WARN_OBJC_ROOT_CLASS = YES_ERROR;
				CLANG_WARN_QUOTED_INCLUDE_IN_FRAMEWORK_HEADER = YES;
				CLANG_WARN_RANGE_LOOP_ANALYSIS = YES;
				CLANG_WARN_STRICT_PROTOTYPES = YES;
				CLANG_WARN_SUSPICIOUS_MOVE = YES;
				CLANG_WARN_UNGUARDED_AVAILABILITY = YES_AGGRESSIVE;
				CLANG_WARN_UNREACHABLE_CODE = YES;
				CLANG_WARN__DUPLICATE_METHOD_MATCH = YES;
				COPY_PHASE_STRIP = NO;
				DEBUG_INFORMATION_FORMAT = "dwarf-with-dsym";
				ENABLE_NS_ASSERTIONS = NO;
				ENABLE_STRICT_OBJC_MSGSEND = YES;
				GCC_C_LANGUAGE_STANDARD = gnu11;
				GCC_NO_COMMON_BLOCKS = YES;
				GCC_WARN_64_TO_32_BIT_CONVERSION = YES;
				GCC_WARN_ABOUT_RETURN_TYPE = YES_ERROR;
				GCC_WARN_UNDECLARED_SELECTOR = YES;
				GCC_WARN_UNINITIALIZED_AUTOS = YES_AGGRESSIVE;
				GCC_WARN_UNUSED_FUNCTION = YES;
				GCC_WARN_UNUSED_VARIABLE = YES;
				IPHONEOS_DEPLOYMENT_TARGET = 15.2;
				MTL_ENABLE_DEBUG_INFO = NO;
				MTL_FAST_MATH = YES;
				SDKROOT = iphoneos;
				SWIFT_COMPILATION_MODE = wholemodule;
				SWIFT_OPTIMIZATION_LEVEL = "-O";
				VALIDATE_PRODUCT = YES;
			};
			name = Release;
		};
		D56FB38F2994ECCF00488AFF /* Debug */ = {
			isa = XCBuildConfiguration;
			buildSettings = {
				ASSETCATALOG_COMPILER_APPICON_NAME = AppIcon;
				ASSETCATALOG_COMPILER_GLOBAL_ACCENT_COLOR_NAME = AccentColor;
				CODE_SIGN_STYLE = Automatic;
				CURRENT_PROJECT_VERSION = 1;
				GENERATE_INFOPLIST_FILE = YES;
				INFOPLIST_FILE = WorkoutPremium/SupportingFiles/Info.plist;
				INFOPLIST_KEY_UIApplicationSupportsIndirectInputEvents = YES;
				INFOPLIST_KEY_UILaunchStoryboardName = LaunchScreen;
				INFOPLIST_KEY_UISupportedInterfaceOrientations = UIInterfaceOrientationPortrait;
				INFOPLIST_KEY_UISupportedInterfaceOrientations_iPad = "UIInterfaceOrientationPortrait UIInterfaceOrientationPortraitUpsideDown UIInterfaceOrientationLandscapeLeft UIInterfaceOrientationLandscapeRight";
				INFOPLIST_KEY_UISupportedInterfaceOrientations_iPhone = "UIInterfaceOrientationPortrait UIInterfaceOrientationLandscapeLeft UIInterfaceOrientationLandscapeRight";
				LD_RUNPATH_SEARCH_PATHS = (
					"$(inherited)",
					"@executable_path/Frameworks",
				);
				MARKETING_VERSION = 1.0;
				PRODUCT_BUNDLE_IDENTIFIER = spm.com.WorkoutPremium;
				PRODUCT_NAME = "$(TARGET_NAME)";
				SWIFT_EMIT_LOC_STRINGS = YES;
				SWIFT_VERSION = 5.0;
				TARGETED_DEVICE_FAMILY = "1,2";
			};
			name = Debug;
		};
		D56FB3902994ECCF00488AFF /* Release */ = {
			isa = XCBuildConfiguration;
			buildSettings = {
				ASSETCATALOG_COMPILER_APPICON_NAME = AppIcon;
				ASSETCATALOG_COMPILER_GLOBAL_ACCENT_COLOR_NAME = AccentColor;
				CODE_SIGN_STYLE = Automatic;
				CURRENT_PROJECT_VERSION = 1;
				GENERATE_INFOPLIST_FILE = YES;
				INFOPLIST_FILE = WorkoutPremium/SupportingFiles/Info.plist;
				INFOPLIST_KEY_UIApplicationSupportsIndirectInputEvents = YES;
				INFOPLIST_KEY_UILaunchStoryboardName = LaunchScreen;
				INFOPLIST_KEY_UISupportedInterfaceOrientations = UIInterfaceOrientationPortrait;
				INFOPLIST_KEY_UISupportedInterfaceOrientations_iPad = "UIInterfaceOrientationPortrait UIInterfaceOrientationPortraitUpsideDown UIInterfaceOrientationLandscapeLeft UIInterfaceOrientationLandscapeRight";
				INFOPLIST_KEY_UISupportedInterfaceOrientations_iPhone = "UIInterfaceOrientationPortrait UIInterfaceOrientationLandscapeLeft UIInterfaceOrientationLandscapeRight";
				LD_RUNPATH_SEARCH_PATHS = (
					"$(inherited)",
					"@executable_path/Frameworks",
				);
				MARKETING_VERSION = 1.0;
				PRODUCT_BUNDLE_IDENTIFIER = spm.com.WorkoutPremium;
				PRODUCT_NAME = "$(TARGET_NAME)";
				SWIFT_EMIT_LOC_STRINGS = YES;
				SWIFT_VERSION = 5.0;
				TARGETED_DEVICE_FAMILY = "1,2";
			};
			name = Release;
		};
/* End XCBuildConfiguration section */

/* Begin XCConfigurationList section */
		D56FB3752994ECCE00488AFF /* Build configuration list for PBXProject "WorkoutPremium" */ = {
			isa = XCConfigurationList;
			buildConfigurations = (
				D56FB38C2994ECCF00488AFF /* Debug */,
				D56FB38D2994ECCF00488AFF /* Release */,
			);
			defaultConfigurationIsVisible = 0;
			defaultConfigurationName = Release;
		};
		D56FB38E2994ECCF00488AFF /* Build configuration list for PBXNativeTarget "WorkoutPremium" */ = {
			isa = XCConfigurationList;
			buildConfigurations = (
				D56FB38F2994ECCF00488AFF /* Debug */,
				D56FB3902994ECCF00488AFF /* Release */,
			);
			defaultConfigurationIsVisible = 0;
			defaultConfigurationName = Release;
		};
/* End XCConfigurationList section */
	};
	rootObject = D56FB3722994ECCE00488AFF /* Project object */;
}
